
Microsoft Visual Studio Solution File, Format Version 12.00
# Visual Studio Version 16
VisualStudioVersion = 16.0.30104.148
MinimumVisualStudioVersion = 10.0.40219.1
Project("{FAE04EC0-301F-11D3-BF4B-00C04F79EFBC}") = "Clash of ships (OOP)", "Clash of ships (OOP)\Clash of ships (OOP).csproj", "{AED4806C-1F5D-4288-9623-A1BAF31067DE}"
EndProject
Global
	GlobalSection(SolutionConfigurationPlatforms) = preSolution
		Debug|Any CPU = Debug|Any CPU
		Release|Any CPU = Release|Any CPU
	EndGlobalSection
	GlobalSection(ProjectConfigurationPlatforms) = postSolution
		{AED4806C-1F5D-4288-9623-A1BAF31067DE}.Debug|Any CPU.ActiveCfg = Debug|Any CPU
		{AED4806C-1F5D-4288-9623-A1BAF31067DE}.Debug|Any CPU.Build.0 = Debug|Any CPU
		{AED4806C-1F5D-4288-9623-A1BAF31067DE}.Release|Any CPU.ActiveCfg = Release|Any CPU
		{AED4806C-1F5D-4288-9623-A1BAF31067DE}.Release|Any CPU.Build.0 = Release|Any CPU
	EndGlobalSection
	GlobalSection(SolutionProperties) = preSolution
		HideSolutionNode = FALSE
	EndGlobalSection
	GlobalSection(ExtensibilityGlobals) = postSolution
		SolutionGuid = {2C422B39-D05C-43E1-97F4-7C6F89AF1147}
	EndGlobalSection
EndGlobal
